
Microsoft Visual Studio Solution File, Format Version 12.00
# Visual Studio Version 17
VisualStudioVersion = 17.5.33530.505
MinimumVisualStudioVersion = 10.0.40219.1
Project("{FAE04EC0-301F-11D3-BF4B-00C04F79EFBC}") = "openaigateway", "openaigateway.csproj", "{D5CCFFCC-0372-4CC2-A8B6-8150479CE5C9}"
EndProject
Global
	GlobalSection(SolutionConfigurationPlatforms) = preSolution
		Debug|Any CPU = Debug|Any CPU
		Release|Any CPU = Release|Any CPU
	EndGlobalSection
	GlobalSection(ProjectConfigurationPlatforms) = postSolution
		{D5CCFFCC-0372-4CC2-A8B6-8150479CE5C9}.Debug|Any CPU.ActiveCfg = Debug|Any CPU
		{D5CCFFCC-0372-4CC2-A8B6-8150479CE5C9}.Debug|Any CPU.Build.0 = Debug|Any CPU
		{D5CCFFCC-0372-4CC2-A8B6-8150479CE5C9}.Release|Any CPU.ActiveCfg = Release|Any CPU
		{D5CCFFCC-0372-4CC2-A8B6-8150479CE5C9}.Release|Any CPU.Build.0 = Release|Any CPU
	EndGlobalSection
	GlobalSection(SolutionProperties) = preSolution
		HideSolutionNode = FALSE
	EndGlobalSection
	GlobalSection(ExtensibilityGlobals) = postSolution
		SolutionGuid = {4D07B2E2-9CF3-4E09-AE95-7F2A86AD311A}
	EndGlobalSection
EndGlobal
