
Microsoft Visual Studio Solution File, Format Version 12.00
# Visual Studio Version 17
VisualStudioVersion = 17.11.35303.130
MinimumVisualStudioVersion = 10.0.40219.1
Project("{FAE04EC0-301F-11D3-BF4B-00C04F79EFBC}") = "Summarization_POC", "Summarization_POC.csproj", "{7B25A54A-13B7-405F-8ABC-8653306AE681}"
EndProject
Global
	GlobalSection(SolutionConfigurationPlatforms) = preSolution
		Debug|Any CPU = Debug|Any CPU
		Release|Any CPU = Release|Any CPU
	EndGlobalSection
	GlobalSection(ProjectConfigurationPlatforms) = postSolution
		{7B25A54A-13B7-405F-8ABC-8653306AE681}.Debug|Any CPU.ActiveCfg = Debug|Any CPU
		{7B25A54A-13B7-405F-8ABC-8653306AE681}.Debug|Any CPU.Build.0 = Debug|Any CPU
		{7B25A54A-13B7-405F-8ABC-8653306AE681}.Release|Any CPU.ActiveCfg = Release|Any CPU
		{7B25A54A-13B7-405F-8ABC-8653306AE681}.Release|Any CPU.Build.0 = Release|Any CPU
	EndGlobalSection
	GlobalSection(SolutionProperties) = preSolution
		HideSolutionNode = FALSE
	EndGlobalSection
	GlobalSection(ExtensibilityGlobals) = postSolution
		SolutionGuid = {08922EB1-B695-43B0-8203-53F9D8417E13}
	EndGlobalSection
EndGlobal
